// !$*UTF8*$!
{
	archiveVersion = 1;
	classes = {
	};
	objectVersion = 55;
	objects = {

/* Begin PBXBuildFile section */
		2B0710CF2672ED020021DD82 /* Model.swift in Sources */ = {isa = PBXBuildFile; fileRef = 2B0710CE2672ED020021DD82 /* Model.swift */; };
		2B0710D02672ED020021DD82 /* Model.swift in Sources */ = {isa = PBXBuildFile; fileRef = 2B0710CE2672ED020021DD82 /* Model.swift */; };
		2B0710D32672EDA10021DD82 /* AppSidebarNavigation.swift in Sources */ = {isa = PBXBuildFile; fileRef = 2B0710D22672EDA10021DD82 /* AppSidebarNavigation.swift */; };
		2B0710D42672EDA10021DD82 /* AppSidebarNavigation.swift in Sources */ = {isa = PBXBuildFile; fileRef = 2B0710D22672EDA10021DD82 /* AppSidebarNavigation.swift */; };
		2B853D95267707A000969356 /* Rule.swift in Sources */ = {isa = PBXBuildFile; fileRef = 2B853D94267707A000969356 /* Rule.swift */; };
		2B853D96267707A000969356 /* Rule.swift in Sources */ = {isa = PBXBuildFile; fileRef = 2B853D94267707A000969356 /* Rule.swift */; };
		2B853D9926770BC900969356 /* RuleList.swift in Sources */ = {isa = PBXBuildFile; fileRef = 2B853D9826770BC900969356 /* RuleList.swift */; };
		2B853D9A26770BC900969356 /* RuleList.swift in Sources */ = {isa = PBXBuildFile; fileRef = 2B853D9826770BC900969356 /* RuleList.swift */; };
		2B853D9C26770BD700969356 /* RuleView.swift in Sources */ = {isa = PBXBuildFile; fileRef = 2B853D9B26770BD700969356 /* RuleView.swift */; };
		2B853D9D26770BD700969356 /* RuleView.swift in Sources */ = {isa = PBXBuildFile; fileRef = 2B853D9B26770BD700969356 /* RuleView.swift */; };
		2B86AFAF2675A8E10071FC19 /* Shape.swift in Sources */ = {isa = PBXBuildFile; fileRef = 2B86AFAE2675A8E10071FC19 /* Shape.swift */; };
		2B86AFB02675A8E10071FC19 /* Shape.swift in Sources */ = {isa = PBXBuildFile; fileRef = 2B86AFAE2675A8E10071FC19 /* Shape.swift */; };
		2B86AFB22675A9F50071FC19 /* MNCA.swift in Sources */ = {isa = PBXBuildFile; fileRef = 2B86AFB12675A9F50071FC19 /* MNCA.swift */; };
		2B86AFB32675A9F50071FC19 /* MNCA.swift in Sources */ = {isa = PBXBuildFile; fileRef = 2B86AFB12675A9F50071FC19 /* MNCA.swift */; };
		2B86AFB62675AABF0071FC19 /* ShapeList.swift in Sources */ = {isa = PBXBuildFile; fileRef = 2B86AFB52675AABF0071FC19 /* ShapeList.swift */; };
		2B86AFB72675AABF0071FC19 /* ShapeList.swift in Sources */ = {isa = PBXBuildFile; fileRef = 2B86AFB52675AABF0071FC19 /* ShapeList.swift */; };
		2B86AFB92675AD6D0071FC19 /* ShapeView.swift in Sources */ = {isa = PBXBuildFile; fileRef = 2B86AFB82675AD6D0071FC19 /* ShapeView.swift */; };
		2B86AFBA2675AD6D0071FC19 /* ShapeView.swift in Sources */ = {isa = PBXBuildFile; fileRef = 2B86AFB82675AD6D0071FC19 /* ShapeView.swift */; };
		2BC900C126783F5300B6E05A /* AppTabNavigation.swift in Sources */ = {isa = PBXBuildFile; fileRef = 2BC900C026783F5300B6E05A /* AppTabNavigation.swift */; };
		2BD3AA1C26743F1C002E70AF /* MetalView.swift in Sources */ = {isa = PBXBuildFile; fileRef = 2BD3AA1B26743F1C002E70AF /* MetalView.swift */; };
		2BD3AA1D26743F1C002E70AF /* MetalView.swift in Sources */ = {isa = PBXBuildFile; fileRef = 2BD3AA1B26743F1C002E70AF /* MetalView.swift */; };
		2BD3AA1F26743F6B002E70AF /* MathLibrary.swift in Sources */ = {isa = PBXBuildFile; fileRef = 2BD3AA1E26743F6B002E70AF /* MathLibrary.swift */; };
		2BD3AA2026743F6B002E70AF /* MathLibrary.swift in Sources */ = {isa = PBXBuildFile; fileRef = 2BD3AA1E26743F6B002E70AF /* MathLibrary.swift */; };
		2BD3AA2226744527002E70AF /* MetalDrawables.swift in Sources */ = {isa = PBXBuildFile; fileRef = 2BD3AA2126744527002E70AF /* MetalDrawables.swift */; };
		2BD3AA2326744527002E70AF /* MetalDrawables.swift in Sources */ = {isa = PBXBuildFile; fileRef = 2BD3AA2126744527002E70AF /* MetalDrawables.swift */; };
		2BD3AA25267446F3002E70AF /* Drawables.metal in Sources */ = {isa = PBXBuildFile; fileRef = 2BD3AA24267446F3002E70AF /* Drawables.metal */; };
		2BD3AA26267446F3002E70AF /* Drawables.metal in Sources */ = {isa = PBXBuildFile; fileRef = 2BD3AA24267446F3002E70AF /* Drawables.metal */; };
		2BD3AA2926744796002E70AF /* Utilities.swift in Sources */ = {isa = PBXBuildFile; fileRef = 2BD3AA2826744796002E70AF /* Utilities.swift */; };
		2BD3AA2A26744796002E70AF /* Utilities.swift in Sources */ = {isa = PBXBuildFile; fileRef = 2BD3AA2826744796002E70AF /* Utilities.swift */; };
		2BF305D62672E5AC00BB9982 /* Tests_iOS.swift in Sources */ = {isa = PBXBuildFile; fileRef = 2BF305D52672E5AC00BB9982 /* Tests_iOS.swift */; };
		2BF305E02672E5AC00BB9982 /* Tests_macOS.swift in Sources */ = {isa = PBXBuildFile; fileRef = 2BF305DF2672E5AC00BB9982 /* Tests_macOS.swift */; };
		2BF305E12672E5AC00BB9982 /* CelluaApp.swift in Sources */ = {isa = PBXBuildFile; fileRef = 2BF305BF2672E5AB00BB9982 /* CelluaApp.swift */; };
		2BF305E22672E5AC00BB9982 /* CelluaApp.swift in Sources */ = {isa = PBXBuildFile; fileRef = 2BF305BF2672E5AB00BB9982 /* CelluaApp.swift */; };
		2BF305E32672E5AC00BB9982 /* ContentView.swift in Sources */ = {isa = PBXBuildFile; fileRef = 2BF305C02672E5AB00BB9982 /* ContentView.swift */; };
		2BF305E42672E5AC00BB9982 /* ContentView.swift in Sources */ = {isa = PBXBuildFile; fileRef = 2BF305C02672E5AB00BB9982 /* ContentView.swift */; };
		2BF305E52672E5AC00BB9982 /* Assets.xcassets in Resources */ = {isa = PBXBuildFile; fileRef = 2BF305C12672E5AC00BB9982 /* Assets.xcassets */; };
		2BF305E62672E5AC00BB9982 /* Assets.xcassets in Resources */ = {isa = PBXBuildFile; fileRef = 2BF305C12672E5AC00BB9982 /* Assets.xcassets */; };
		2BF40B432674651F0090A139 /* Renderer.swift in Sources */ = {isa = PBXBuildFile; fileRef = 2BF40B422674651F0090A139 /* Renderer.swift */; };
		2BF40B442674651F0090A139 /* Renderer.swift in Sources */ = {isa = PBXBuildFile; fileRef = 2BF40B422674651F0090A139 /* Renderer.swift */; };
		2BF40B4626746D4E0090A139 /* Render.metal in Sources */ = {isa = PBXBuildFile; fileRef = 2BF40B4526746D4E0090A139 /* Render.metal */; };
		2BF40B4726746D4E0090A139 /* Render.metal in Sources */ = {isa = PBXBuildFile; fileRef = 2BF40B4526746D4E0090A139 /* Render.metal */; };
/* End PBXBuildFile section */

/* Begin PBXContainerItemProxy section */
		2BF305D22672E5AC00BB9982 /* PBXContainerItemProxy */ = {
			isa = PBXContainerItemProxy;
			containerPortal = 2BF305BA2672E5AA00BB9982 /* Project object */;
			proxyType = 1;
			remoteGlobalIDString = 2BF305C52672E5AC00BB9982;
			remoteInfo = "Cellua (iOS)";
		};
		2BF305DC2672E5AC00BB9982 /* PBXContainerItemProxy */ = {
			isa = PBXContainerItemProxy;
			containerPortal = 2BF305BA2672E5AA00BB9982 /* Project object */;
			proxyType = 1;
			remoteGlobalIDString = 2BF305CB2672E5AC00BB9982;
			remoteInfo = "Cellua (macOS)";
		};
/* End PBXContainerItemProxy section */

/* Begin PBXFileReference section */
		2B0710CE2672ED020021DD82 /* Model.swift */ = {isa = PBXFileReference; lastKnownFileType = sourcecode.swift; path = Model.swift; sourceTree = "<group>"; };
		2B0710D22672EDA10021DD82 /* AppSidebarNavigation.swift */ = {isa = PBXFileReference; lastKnownFileType = sourcecode.swift; path = AppSidebarNavigation.swift; sourceTree = "<group>"; };
		2B853D94267707A000969356 /* Rule.swift */ = {isa = PBXFileReference; lastKnownFileType = sourcecode.swift; path = Rule.swift; sourceTree = "<group>"; };
		2B853D9826770BC900969356 /* RuleList.swift */ = {isa = PBXFileReference; lastKnownFileType = sourcecode.swift; path = RuleList.swift; sourceTree = "<group>"; };
		2B853D9B26770BD700969356 /* RuleView.swift */ = {isa = PBXFileReference; lastKnownFileType = sourcecode.swift; path = RuleView.swift; sourceTree = "<group>"; };
		2B86AFAE2675A8E10071FC19 /* Shape.swift */ = {isa = PBXFileReference; lastKnownFileType = sourcecode.swift; path = Shape.swift; sourceTree = "<group>"; };
		2B86AFB12675A9F50071FC19 /* MNCA.swift */ = {isa = PBXFileReference; lastKnownFileType = sourcecode.swift; path = MNCA.swift; sourceTree = "<group>"; };
		2B86AFB52675AABF0071FC19 /* ShapeList.swift */ = {isa = PBXFileReference; lastKnownFileType = sourcecode.swift; path = ShapeList.swift; sourceTree = "<group>"; };
		2B86AFB82675AD6D0071FC19 /* ShapeView.swift */ = {isa = PBXFileReference; lastKnownFileType = sourcecode.swift; path = ShapeView.swift; sourceTree = "<group>"; };
		2BC900C026783F5300B6E05A /* AppTabNavigation.swift */ = {isa = PBXFileReference; lastKnownFileType = sourcecode.swift; path = AppTabNavigation.swift; sourceTree = "<group>"; };
		2BD3AA1B26743F1C002E70AF /* MetalView.swift */ = {isa = PBXFileReference; lastKnownFileType = sourcecode.swift; path = MetalView.swift; sourceTree = "<group>"; };
		2BD3AA1E26743F6B002E70AF /* MathLibrary.swift */ = {isa = PBXFileReference; lastKnownFileType = sourcecode.swift; path = MathLibrary.swift; sourceTree = "<group>"; };
		2BD3AA2126744527002E70AF /* MetalDrawables.swift */ = {isa = PBXFileReference; lastKnownFileType = sourcecode.swift; path = MetalDrawables.swift; sourceTree = "<group>"; };
		2BD3AA24267446F3002E70AF /* Drawables.metal */ = {isa = PBXFileReference; lastKnownFileType = sourcecode.metal; path = Drawables.metal; sourceTree = "<group>"; };
		2BD3AA2726744708002E70AF /* Metal.h */ = {isa = PBXFileReference; lastKnownFileType = sourcecode.c.h; path = Metal.h; sourceTree = "<group>"; };
		2BD3AA2826744796002E70AF /* Utilities.swift */ = {isa = PBXFileReference; lastKnownFileType = sourcecode.swift; path = Utilities.swift; sourceTree = "<group>"; };
		2BF305BF2672E5AB00BB9982 /* CelluaApp.swift */ = {isa = PBXFileReference; lastKnownFileType = sourcecode.swift; path = CelluaApp.swift; sourceTree = "<group>"; };
		2BF305C02672E5AB00BB9982 /* ContentView.swift */ = {isa = PBXFileReference; lastKnownFileType = sourcecode.swift; path = ContentView.swift; sourceTree = "<group>"; };
		2BF305C12672E5AC00BB9982 /* Assets.xcassets */ = {isa = PBXFileReference; lastKnownFileType = folder.assetcatalog; path = Assets.xcassets; sourceTree = "<group>"; };
		2BF305C62672E5AC00BB9982 /* Cellua.app */ = {isa = PBXFileReference; explicitFileType = wrapper.application; includeInIndex = 0; path = Cellua.app; sourceTree = BUILT_PRODUCTS_DIR; };
		2BF305CC2672E5AC00BB9982 /* Cellua.app */ = {isa = PBXFileReference; explicitFileType = wrapper.application; includeInIndex = 0; path = Cellua.app; sourceTree = BUILT_PRODUCTS_DIR; };
		2BF305D12672E5AC00BB9982 /* Tests iOS.xctest */ = {isa = PBXFileReference; explicitFileType = wrapper.cfbundle; includeInIndex = 0; path = "Tests iOS.xctest"; sourceTree = BUILT_PRODUCTS_DIR; };
		2BF305D52672E5AC00BB9982 /* Tests_iOS.swift */ = {isa = PBXFileReference; lastKnownFileType = sourcecode.swift; path = Tests_iOS.swift; sourceTree = "<group>"; };
		2BF305DB2672E5AC00BB9982 /* Tests macOS.xctest */ = {isa = PBXFileReference; explicitFileType = wrapper.cfbundle; includeInIndex = 0; path = "Tests macOS.xctest"; sourceTree = BUILT_PRODUCTS_DIR; };
		2BF305DF2672E5AC00BB9982 /* Tests_macOS.swift */ = {isa = PBXFileReference; lastKnownFileType = sourcecode.swift; path = Tests_macOS.swift; sourceTree = "<group>"; };
		2BF40B422674651F0090A139 /* Renderer.swift */ = {isa = PBXFileReference; lastKnownFileType = sourcecode.swift; path = Renderer.swift; sourceTree = "<group>"; };
		2BF40B4526746D4E0090A139 /* Render.metal */ = {isa = PBXFileReference; lastKnownFileType = sourcecode.metal; path = Render.metal; sourceTree = "<group>"; };
/* End PBXFileReference section */

/* Begin PBXFrameworksBuildPhase section */
		2BF305C32672E5AC00BB9982 /* Frameworks */ = {
			isa = PBXFrameworksBuildPhase;
			buildActionMask = 2147483647;
			files = (
			);
			runOnlyForDeploymentPostprocessing = 0;
		};
		2BF305C92672E5AC00BB9982 /* Frameworks */ = {
			isa = PBXFrameworksBuildPhase;
			buildActionMask = 2147483647;
			files = (
			);
			runOnlyForDeploymentPostprocessing = 0;
		};
		2BF305CE2672E5AC00BB9982 /* Frameworks */ = {
			isa = PBXFrameworksBuildPhase;
			buildActionMask = 2147483647;
			files = (
			);
			runOnlyForDeploymentPostprocessing = 0;
		};
		2BF305D82672E5AC00BB9982 /* Frameworks */ = {
			isa = PBXFrameworksBuildPhase;
			buildActionMask = 2147483647;
			files = (
			);
			runOnlyForDeploymentPostprocessing = 0;
		};
/* End PBXFrameworksBuildPhase section */

/* Begin PBXGroup section */
		2B0710CD2672ECED0021DD82 /* Model */ = {
			isa = PBXGroup;
			children = (
				2B853D94267707A000969356 /* Rule.swift */,
				2B86AFAE2675A8E10071FC19 /* Shape.swift */,
				2B86AFB12675A9F50071FC19 /* MNCA.swift */,
				2B0710CE2672ED020021DD82 /* Model.swift */,
			);
			path = Model;
			sourceTree = "<group>";
		};
		2B0710D12672ED7A0021DD82 /* Navigation */ = {
			isa = PBXGroup;
			children = (
				2B0710D22672EDA10021DD82 /* AppSidebarNavigation.swift */,
				2BC900C026783F5300B6E05A /* AppTabNavigation.swift */,
				2BF305C02672E5AB00BB9982 /* ContentView.swift */,
			);
			path = Navigation;
			sourceTree = "<group>";
		};
		2B853D9726770BAC00969356 /* Rule */ = {
			isa = PBXGroup;
			children = (
				2B853D9B26770BD700969356 /* RuleView.swift */,
				2B853D9826770BC900969356 /* RuleList.swift */,
			);
			path = Rule;
			sourceTree = "<group>";
		};
		2B86AFB42675AAA50071FC19 /* Shape */ = {
			isa = PBXGroup;
			children = (
				2B86AFB82675AD6D0071FC19 /* ShapeView.swift */,
				2B86AFB52675AABF0071FC19 /* ShapeList.swift */,
			);
			path = Shape;
			sourceTree = "<group>";
		};
		2BD3AA1A26743EF0002E70AF /* Rendering */ = {
			isa = PBXGroup;
			children = (
				2BF40B422674651F0090A139 /* Renderer.swift */,
				2BD3AA1B26743F1C002E70AF /* MetalView.swift */,
				2BD3AA1E26743F6B002E70AF /* MathLibrary.swift */,
				2BD3AA2126744527002E70AF /* MetalDrawables.swift */,
				2BF40B4526746D4E0090A139 /* Render.metal */,
				2BD3AA24267446F3002E70AF /* Drawables.metal */,
				2BD3AA2726744708002E70AF /* Metal.h */,
				2BD3AA2826744796002E70AF /* Utilities.swift */,
			);
			path = Rendering;
			sourceTree = "<group>";
		};
		2BF305B92672E5AA00BB9982 = {
			isa = PBXGroup;
			children = (
				2BF305BE2672E5AB00BB9982 /* Shared */,
				2BF305D42672E5AC00BB9982 /* Tests iOS */,
				2BF305DE2672E5AC00BB9982 /* Tests macOS */,
				2BF305C72672E5AC00BB9982 /* Products */,
			);
			sourceTree = "<group>";
		};
		2BF305BE2672E5AB00BB9982 /* Shared */ = {
			isa = PBXGroup;
			children = (
				2BF305BF2672E5AB00BB9982 /* CelluaApp.swift */,
				2B853D9726770BAC00969356 /* Rule */,
				2B86AFB42675AAA50071FC19 /* Shape */,
				2B0710D12672ED7A0021DD82 /* Navigation */,
				2B0710CD2672ECED0021DD82 /* Model */,
				2BD3AA1A26743EF0002E70AF /* Rendering */,
				2BF305C12672E5AC00BB9982 /* Assets.xcassets */,
			);
			path = Shared;
			sourceTree = "<group>";
		};
		2BF305C72672E5AC00BB9982 /* Products */ = {
			isa = PBXGroup;
			children = (
				2BF305C62672E5AC00BB9982 /* Cellua.app */,
				2BF305CC2672E5AC00BB9982 /* Cellua.app */,
				2BF305D12672E5AC00BB9982 /* Tests iOS.xctest */,
				2BF305DB2672E5AC00BB9982 /* Tests macOS.xctest */,
			);
			name = Products;
			sourceTree = "<group>";
		};
		2BF305D42672E5AC00BB9982 /* Tests iOS */ = {
			isa = PBXGroup;
			children = (
				2BF305D52672E5AC00BB9982 /* Tests_iOS.swift */,
			);
			path = "Tests iOS";
			sourceTree = "<group>";
		};
		2BF305DE2672E5AC00BB9982 /* Tests macOS */ = {
			isa = PBXGroup;
			children = (
				2BF305DF2672E5AC00BB9982 /* Tests_macOS.swift */,
			);
			path = "Tests macOS";
			sourceTree = "<group>";
		};
/* End PBXGroup section */

/* Begin PBXNativeTarget section */
		2BF305C52672E5AC00BB9982 /* Cellua (iOS) */ = {
			isa = PBXNativeTarget;
			buildConfigurationList = 2BF305E92672E5AC00BB9982 /* Build configuration list for PBXNativeTarget "Cellua (iOS)" */;
			buildPhases = (
				2BF305C22672E5AC00BB9982 /* Sources */,
				2BF305C32672E5AC00BB9982 /* Frameworks */,
				2BF305C42672E5AC00BB9982 /* Resources */,
			);
			buildRules = (
			);
			dependencies = (
			);
			name = "Cellua (iOS)";
			productName = "Cellua (iOS)";
			productReference = 2BF305C62672E5AC00BB9982 /* Cellua.app */;
			productType = "com.apple.product-type.application";
		};
		2BF305CB2672E5AC00BB9982 /* Cellua (macOS) */ = {
			isa = PBXNativeTarget;
			buildConfigurationList = 2BF305EC2672E5AC00BB9982 /* Build configuration list for PBXNativeTarget "Cellua (macOS)" */;
			buildPhases = (
				2BF305C82672E5AC00BB9982 /* Sources */,
				2BF305C92672E5AC00BB9982 /* Frameworks */,
				2BF305CA2672E5AC00BB9982 /* Resources */,
			);
			buildRules = (
			);
			dependencies = (
			);
			name = "Cellua (macOS)";
			productName = "Cellua (macOS)";
			productReference = 2BF305CC2672E5AC00BB9982 /* Cellua.app */;
			productType = "com.apple.product-type.application";
		};
		2BF305D02672E5AC00BB9982 /* Tests iOS */ = {
			isa = PBXNativeTarget;
			buildConfigurationList = 2BF305EF2672E5AC00BB9982 /* Build configuration list for PBXNativeTarget "Tests iOS" */;
			buildPhases = (
				2BF305CD2672E5AC00BB9982 /* Sources */,
				2BF305CE2672E5AC00BB9982 /* Frameworks */,
				2BF305CF2672E5AC00BB9982 /* Resources */,
			);
			buildRules = (
			);
			dependencies = (
				2BF305D32672E5AC00BB9982 /* PBXTargetDependency */,
			);
			name = "Tests iOS";
			productName = "Tests iOS";
			productReference = 2BF305D12672E5AC00BB9982 /* Tests iOS.xctest */;
			productType = "com.apple.product-type.bundle.ui-testing";
		};
		2BF305DA2672E5AC00BB9982 /* Tests macOS */ = {
			isa = PBXNativeTarget;
			buildConfigurationList = 2BF305F22672E5AC00BB9982 /* Build configuration list for PBXNativeTarget "Tests macOS" */;
			buildPhases = (
				2BF305D72672E5AC00BB9982 /* Sources */,
				2BF305D82672E5AC00BB9982 /* Frameworks */,
				2BF305D92672E5AC00BB9982 /* Resources */,
			);
			buildRules = (
			);
			dependencies = (
				2BF305DD2672E5AC00BB9982 /* PBXTargetDependency */,
			);
			name = "Tests macOS";
			productName = "Tests macOS";
			productReference = 2BF305DB2672E5AC00BB9982 /* Tests macOS.xctest */;
			productType = "com.apple.product-type.bundle.ui-testing";
		};
/* End PBXNativeTarget section */

/* Begin PBXProject section */
		2BF305BA2672E5AA00BB9982 /* Project object */ = {
			isa = PBXProject;
			attributes = {
				BuildIndependentTargetsInParallel = 1;
				LastSwiftUpdateCheck = 1300;
				LastUpgradeCheck = 1300;
				TargetAttributes = {
					2BF305C52672E5AC00BB9982 = {
						CreatedOnToolsVersion = 13.0;
					};
					2BF305CB2672E5AC00BB9982 = {
						CreatedOnToolsVersion = 13.0;
					};
					2BF305D02672E5AC00BB9982 = {
						CreatedOnToolsVersion = 13.0;
						TestTargetID = 2BF305C52672E5AC00BB9982;
					};
					2BF305DA2672E5AC00BB9982 = {
						CreatedOnToolsVersion = 13.0;
						TestTargetID = 2BF305CB2672E5AC00BB9982;
					};
				};
			};
			buildConfigurationList = 2BF305BD2672E5AA00BB9982 /* Build configuration list for PBXProject "Cellua" */;
			compatibilityVersion = "Xcode 13.0";
			developmentRegion = en;
			hasScannedForEncodings = 0;
			knownRegions = (
				en,
				Base,
			);
			mainGroup = 2BF305B92672E5AA00BB9982;
			productRefGroup = 2BF305C72672E5AC00BB9982 /* Products */;
			projectDirPath = "";
			projectRoot = "";
			targets = (
				2BF305C52672E5AC00BB9982 /* Cellua (iOS) */,
				2BF305CB2672E5AC00BB9982 /* Cellua (macOS) */,
				2BF305D02672E5AC00BB9982 /* Tests iOS */,
				2BF305DA2672E5AC00BB9982 /* Tests macOS */,
			);
		};
/* End PBXProject section */

/* Begin PBXResourcesBuildPhase section */
		2BF305C42672E5AC00BB9982 /* Resources */ = {
			isa = PBXResourcesBuildPhase;
			buildActionMask = 2147483647;
			files = (
				2BF305E52672E5AC00BB9982 /* Assets.xcassets in Resources */,
			);
			runOnlyForDeploymentPostprocessing = 0;
		};
		2BF305CA2672E5AC00BB9982 /* Resources */ = {
			isa = PBXResourcesBuildPhase;
			buildActionMask = 2147483647;
			files = (
				2BF305E62672E5AC00BB9982 /* Assets.xcassets in Resources */,
			);
			runOnlyForDeploymentPostprocessing = 0;
		};
		2BF305CF2672E5AC00BB9982 /* Resources */ = {
			isa = PBXResourcesBuildPhase;
			buildActionMask = 2147483647;
			files = (
			);
			runOnlyForDeploymentPostprocessing = 0;
		};
		2BF305D92672E5AC00BB9982 /* Resources */ = {
			isa = PBXResourcesBuildPhase;
			buildActionMask = 2147483647;
			files = (
			);
			runOnlyForDeploymentPostprocessing = 0;
		};
/* End PBXResourcesBuildPhase section */

/* Begin PBXSourcesBuildPhase section */
		2BF305C22672E5AC00BB9982 /* Sources */ = {
			isa = PBXSourcesBuildPhase;
			buildActionMask = 2147483647;
			files = (
				2B853D9C26770BD700969356 /* RuleView.swift in Sources */,
				2B86AFB92675AD6D0071FC19 /* ShapeView.swift in Sources */,
				2B0710D32672EDA10021DD82 /* AppSidebarNavigation.swift in Sources */,
				2B853D9926770BC900969356 /* RuleList.swift in Sources */,
				2BD3AA2226744527002E70AF /* MetalDrawables.swift in Sources */,
				2B86AFB22675A9F50071FC19 /* MNCA.swift in Sources */,
				2BF40B4626746D4E0090A139 /* Render.metal in Sources */,
				2B0710CF2672ED020021DD82 /* Model.swift in Sources */,
				2B86AFB62675AABF0071FC19 /* ShapeList.swift in Sources */,
				2BD3AA1C26743F1C002E70AF /* MetalView.swift in Sources */,
				2BF305E32672E5AC00BB9982 /* ContentView.swift in Sources */,
				2BD3AA25267446F3002E70AF /* Drawables.metal in Sources */,
				2B86AFAF2675A8E10071FC19 /* Shape.swift in Sources */,
				2BD3AA2926744796002E70AF /* Utilities.swift in Sources */,
				2BF305E12672E5AC00BB9982 /* CelluaApp.swift in Sources */,
				2BC900C126783F5300B6E05A /* AppTabNavigation.swift in Sources */,
				2B853D95267707A000969356 /* Rule.swift in Sources */,
				2BF40B432674651F0090A139 /* Renderer.swift in Sources */,
				2BD3AA1F26743F6B002E70AF /* MathLibrary.swift in Sources */,
			);
			runOnlyForDeploymentPostprocessing = 0;
		};
		2BF305C82672E5AC00BB9982 /* Sources */ = {
			isa = PBXSourcesBuildPhase;
			buildActionMask = 2147483647;
			files = (
				2B853D9D26770BD700969356 /* RuleView.swift in Sources */,
				2B86AFBA2675AD6D0071FC19 /* ShapeView.swift in Sources */,
				2B0710D42672EDA10021DD82 /* AppSidebarNavigation.swift in Sources */,
				2B853D9A26770BC900969356 /* RuleList.swift in Sources */,
				2BD3AA2326744527002E70AF /* MetalDrawables.swift in Sources */,
				2B86AFB32675A9F50071FC19 /* MNCA.swift in Sources */,
				2BF40B4726746D4E0090A139 /* Render.metal in Sources */,
				2B0710D02672ED020021DD82 /* Model.swift in Sources */,
				2B86AFB72675AABF0071FC19 /* ShapeList.swift in Sources */,
				2BD3AA1D26743F1C002E70AF /* MetalView.swift in Sources */,
				2BF305E42672E5AC00BB9982 /* ContentView.swift in Sources */,
				2BD3AA26267446F3002E70AF /* Drawables.metal in Sources */,
				2B86AFB02675A8E10071FC19 /* Shape.swift in Sources */,
				2BD3AA2A26744796002E70AF /* Utilities.swift in Sources */,
				2BF305E22672E5AC00BB9982 /* CelluaApp.swift in Sources */,
				2B853D96267707A000969356 /* Rule.swift in Sources */,
				2BF40B442674651F0090A139 /* Renderer.swift in Sources */,
				2BD3AA2026743F6B002E70AF /* MathLibrary.swift in Sources */,
			);
			runOnlyForDeploymentPostprocessing = 0;
		};
		2BF305CD2672E5AC00BB9982 /* Sources */ = {
			isa = PBXSourcesBuildPhase;
			buildActionMask = 2147483647;
			files = (
				2BF305D62672E5AC00BB9982 /* Tests_iOS.swift in Sources */,
			);
			runOnlyForDeploymentPostprocessing = 0;
		};
		2BF305D72672E5AC00BB9982 /* Sources */ = {
			isa = PBXSourcesBuildPhase;
			buildActionMask = 2147483647;
			files = (
				2BF305E02672E5AC00BB9982 /* Tests_macOS.swift in Sources */,
			);
			runOnlyForDeploymentPostprocessing = 0;
		};
/* End PBXSourcesBuildPhase section */

/* Begin PBXTargetDependency section */
		2BF305D32672E5AC00BB9982 /* PBXTargetDependency */ = {
			isa = PBXTargetDependency;
			target = 2BF305C52672E5AC00BB9982 /* Cellua (iOS) */;
			targetProxy = 2BF305D22672E5AC00BB9982 /* PBXContainerItemProxy */;
		};
		2BF305DD2672E5AC00BB9982 /* PBXTargetDependency */ = {
			isa = PBXTargetDependency;
			target = 2BF305CB2672E5AC00BB9982 /* Cellua (macOS) */;
			targetProxy = 2BF305DC2672E5AC00BB9982 /* PBXContainerItemProxy */;
		};
/* End PBXTargetDependency section */

/* Begin XCBuildConfiguration section */
		2BF305E72672E5AC00BB9982 /* Debug */ = {
			isa = XCBuildConfiguration;
			buildSettings = {
				ALWAYS_SEARCH_USER_PATHS = NO;
				CLANG_ANALYZER_NONNULL = YES;
				CLANG_ANALYZER_NUMBER_OBJECT_CONVERSION = YES_AGGRESSIVE;
				CLANG_CXX_LANGUAGE_STANDARD = "gnu++14";
				CLANG_CXX_LIBRARY = "libc++";
				CLANG_ENABLE_MODULES = YES;
				CLANG_ENABLE_OBJC_ARC = YES;
				CLANG_ENABLE_OBJC_WEAK = YES;
				CLANG_WARN_BLOCK_CAPTURE_AUTORELEASING = YES;
				CLANG_WARN_BOOL_CONVERSION = YES;
				CLANG_WARN_COMMA = YES;
				CLANG_WARN_CONSTANT_CONVERSION = YES;
				CLANG_WARN_DEPRECATED_OBJC_IMPLEMENTATIONS = YES;
				CLANG_WARN_DIRECT_OBJC_ISA_USAGE = YES_ERROR;
				CLANG_WARN_DOCUMENTATION_COMMENTS = YES;
				CLANG_WARN_EMPTY_BODY = YES;
				CLANG_WARN_ENUM_CONVERSION = YES;
				CLANG_WARN_INFINITE_RECURSION = YES;
				CLANG_WARN_INT_CONVERSION = YES;
				CLANG_WARN_NON_LITERAL_NULL_CONVERSION = YES;
				CLANG_WARN_OBJC_IMPLICIT_RETAIN_SELF = YES;
				CLANG_WARN_OBJC_LITERAL_CONVERSION = YES;
				CLANG_WARN_OBJC_ROOT_CLASS = YES_ERROR;
				CLANG_WARN_QUOTED_INCLUDE_IN_FRAMEWORK_HEADER = YES;
				CLANG_WARN_RANGE_LOOP_ANALYSIS = YES;
				CLANG_WARN_STRICT_PROTOTYPES = YES;
				CLANG_WARN_SUSPICIOUS_MOVE = YES;
				CLANG_WARN_UNGUARDED_AVAILABILITY = YES_AGGRESSIVE;
				CLANG_WARN_UNREACHABLE_CODE = YES;
				CLANG_WARN__DUPLICATE_METHOD_MATCH = YES;
				COPY_PHASE_STRIP = NO;
				DEBUG_INFORMATION_FORMAT = dwarf;
				ENABLE_STRICT_OBJC_MSGSEND = YES;
				ENABLE_TESTABILITY = YES;
				GCC_C_LANGUAGE_STANDARD = gnu11;
				GCC_DYNAMIC_NO_PIC = NO;
				GCC_NO_COMMON_BLOCKS = YES;
				GCC_OPTIMIZATION_LEVEL = 0;
				GCC_PREPROCESSOR_DEFINITIONS = (
					"DEBUG=1",
					"$(inherited)",
				);
				GCC_WARN_64_TO_32_BIT_CONVERSION = YES;
				GCC_WARN_ABOUT_RETURN_TYPE = YES_ERROR;
				GCC_WARN_UNDECLARED_SELECTOR = YES;
				GCC_WARN_UNINITIALIZED_AUTOS = YES_AGGRESSIVE;
				GCC_WARN_UNUSED_FUNCTION = YES;
				GCC_WARN_UNUSED_VARIABLE = YES;
				MTL_ENABLE_DEBUG_INFO = INCLUDE_SOURCE;
				MTL_FAST_MATH = YES;
				ONLY_ACTIVE_ARCH = YES;
				SWIFT_ACTIVE_COMPILATION_CONDITIONS = DEBUG;
				SWIFT_OPTIMIZATION_LEVEL = "-Onone";
			};
			name = Debug;
		};
		2BF305E82672E5AC00BB9982 /* Release */ = {
			isa = XCBuildConfiguration;
			buildSettings = {
				ALWAYS_SEARCH_USER_PATHS = NO;
				CLANG_ANALYZER_NONNULL = YES;
				CLANG_ANALYZER_NUMBER_OBJECT_CONVERSION = YES_AGGRESSIVE;
				CLANG_CXX_LANGUAGE_STANDARD = "gnu++14";
				CLANG_CXX_LIBRARY = "libc++";
				CLANG_ENABLE_MODULES = YES;
				CLANG_ENABLE_OBJC_ARC = YES;
				CLANG_ENABLE_OBJC_WEAK = YES;
				CLANG_WARN_BLOCK_CAPTURE_AUTORELEASING = YES;
				CLANG_WARN_BOOL_CONVERSION = YES;
				CLANG_WARN_COMMA = YES;
				CLANG_WARN_CONSTANT_CONVERSION = YES;
				CLANG_WARN_DEPRECATED_OBJC_IMPLEMENTATIONS = YES;
				CLANG_WARN_DIRECT_OBJC_ISA_USAGE = YES_ERROR;
				CLANG_WARN_DOCUMENTATION_COMMENTS = YES;
				CLANG_WARN_EMPTY_BODY = YES;
				CLANG_WARN_ENUM_CONVERSION = YES;
				CLANG_WARN_INFINITE_RECURSION = YES;
				CLANG_WARN_INT_CONVERSION = YES;
				CLANG_WARN_NON_LITERAL_NULL_CONVERSION = YES;
				CLANG_WARN_OBJC_IMPLICIT_RETAIN_SELF = YES;
				CLANG_WARN_OBJC_LITERAL_CONVERSION = YES;
				CLANG_WARN_OBJC_ROOT_CLASS = YES_ERROR;
				CLANG_WARN_QUOTED_INCLUDE_IN_FRAMEWORK_HEADER = YES;
				CLANG_WARN_RANGE_LOOP_ANALYSIS = YES;
				CLANG_WARN_STRICT_PROTOTYPES = YES;
				CLANG_WARN_SUSPICIOUS_MOVE = YES;
				CLANG_WARN_UNGUARDED_AVAILABILITY = YES_AGGRESSIVE;
				CLANG_WARN_UNREACHABLE_CODE = YES;
				CLANG_WARN__DUPLICATE_METHOD_MATCH = YES;
				COPY_PHASE_STRIP = NO;
				DEBUG_INFORMATION_FORMAT = "dwarf-with-dsym";
				ENABLE_NS_ASSERTIONS = NO;
				ENABLE_STRICT_OBJC_MSGSEND = YES;
				GCC_C_LANGUAGE_STANDARD = gnu11;
				GCC_NO_COMMON_BLOCKS = YES;
				GCC_WARN_64_TO_32_BIT_CONVERSION = YES;
				GCC_WARN_ABOUT_RETURN_TYPE = YES_ERROR;
				GCC_WARN_UNDECLARED_SELECTOR = YES;
				GCC_WARN_UNINITIALIZED_AUTOS = YES_AGGRESSIVE;
				GCC_WARN_UNUSED_FUNCTION = YES;
				GCC_WARN_UNUSED_VARIABLE = YES;
				MTL_ENABLE_DEBUG_INFO = NO;
				MTL_FAST_MATH = YES;
				SWIFT_COMPILATION_MODE = wholemodule;
				SWIFT_OPTIMIZATION_LEVEL = "-O";
			};
			name = Release;
		};
		2BF305EA2672E5AC00BB9982 /* Debug */ = {
			isa = XCBuildConfiguration;
			buildSettings = {
				ASSETCATALOG_COMPILER_APPICON_NAME = AppIcon;
				ASSETCATALOG_COMPILER_GLOBAL_ACCENT_COLOR_NAME = AccentColor;
				CODE_SIGN_STYLE = Automatic;
				CURRENT_PROJECT_VERSION = 1;
				DEVELOPMENT_TEAM = G6R6L3VH62;
				ENABLE_PREVIEWS = YES;
				GENERATE_INFOPLIST_FILE = YES;
				INFOPLIST_KEY_UIApplicationSceneManifest_Generation = YES;
				INFOPLIST_KEY_UIApplicationSupportsIndirectInputEvents = YES;
				INFOPLIST_KEY_UILaunchScreen_Generation = YES;
				INFOPLIST_KEY_UISupportedInterfaceOrientations_iPad = "UIInterfaceOrientationPortrait UIInterfaceOrientationPortraitUpsideDown UIInterfaceOrientationLandscapeLeft UIInterfaceOrientationLandscapeRight";
				INFOPLIST_KEY_UISupportedInterfaceOrientations_iPhone = "UIInterfaceOrientationPortrait UIInterfaceOrientationLandscapeLeft UIInterfaceOrientationLandscapeRight";
				IPHONEOS_DEPLOYMENT_TARGET = 15.0;
				LD_RUNPATH_SEARCH_PATHS = (
					"$(inherited)",
					"@executable_path/Frameworks",
				);
				MARKETING_VERSION = 1.0;
				PRODUCT_BUNDLE_IDENTIFIER = com.moenig.Cellua;
				PRODUCT_NAME = Cellua;
				SDKROOT = iphoneos;
				SWIFT_EMIT_LOC_STRINGS = YES;
				SWIFT_OBJC_BRIDGING_HEADER = Shared/Rendering/Metal.h;
				SWIFT_VERSION = 5.0;
				TARGETED_DEVICE_FAMILY = "1,2";
			};
			name = Debug;
		};
		2BF305EB2672E5AC00BB9982 /* Release */ = {
			isa = XCBuildConfiguration;
			buildSettings = {
				ASSETCATALOG_COMPILER_APPICON_NAME = AppIcon;
				ASSETCATALOG_COMPILER_GLOBAL_ACCENT_COLOR_NAME = AccentColor;
				CODE_SIGN_STYLE = Automatic;
				CURRENT_PROJECT_VERSION = 1;
				DEVELOPMENT_TEAM = G6R6L3VH62;
				ENABLE_PREVIEWS = YES;
				GENERATE_INFOPLIST_FILE = YES;
				INFOPLIST_KEY_UIApplicationSceneManifest_Generation = YES;
				INFOPLIST_KEY_UIApplicationSupportsIndirectInputEvents = YES;
				INFOPLIST_KEY_UILaunchScreen_Generation = YES;
				INFOPLIST_KEY_UISupportedInterfaceOrientations_iPad = "UIInterfaceOrientationPortrait UIInterfaceOrientationPortraitUpsideDown UIInterfaceOrientationLandscapeLeft UIInterfaceOrientationLandscapeRight";
				INFOPLIST_KEY_UISupportedInterfaceOrientations_iPhone = "UIInterfaceOrientationPortrait UIInterfaceOrientationLandscapeLeft UIInterfaceOrientationLandscapeRight";
				IPHONEOS_DEPLOYMENT_TARGET = 15.0;
				LD_RUNPATH_SEARCH_PATHS = (
					"$(inherited)",
					"@executable_path/Frameworks",
				);
				MARKETING_VERSION = 1.0;
				PRODUCT_BUNDLE_IDENTIFIER = com.moenig.Cellua;
				PRODUCT_NAME = Cellua;
				SDKROOT = iphoneos;
				SWIFT_EMIT_LOC_STRINGS = YES;
				SWIFT_OBJC_BRIDGING_HEADER = Shared/Rendering/Metal.h;
				SWIFT_VERSION = 5.0;
				TARGETED_DEVICE_FAMILY = "1,2";
				VALIDATE_PRODUCT = YES;
			};
			name = Release;
		};
		2BF305ED2672E5AC00BB9982 /* Debug */ = {
			isa = XCBuildConfiguration;
			buildSettings = {
				ASSETCATALOG_COMPILER_APPICON_NAME = AppIcon;
				ASSETCATALOG_COMPILER_GLOBAL_ACCENT_COLOR_NAME = AccentColor;
				CODE_SIGN_STYLE = Automatic;
				COMBINE_HIDPI_IMAGES = YES;
				CURRENT_PROJECT_VERSION = 1;
				DEVELOPMENT_TEAM = G6R6L3VH62;
				ENABLE_APP_SANDBOX = YES;
				ENABLE_HARDENED_RUNTIME = YES;
				ENABLE_PREVIEWS = YES;
				ENABLE_USER_SELECTED_FILES = readonly;
				GENERATE_INFOPLIST_FILE = YES;
				INFOPLIST_KEY_NSHumanReadableCopyright = "";
				LD_RUNPATH_SEARCH_PATHS = (
					"$(inherited)",
					"@executable_path/../Frameworks",
				);
				MACOSX_DEPLOYMENT_TARGET = 12.0;
				MARKETING_VERSION = 1.0;
				PRODUCT_BUNDLE_IDENTIFIER = com.moenig.Cellua;
				PRODUCT_NAME = Cellua;
				SDKROOT = macosx;
				SWIFT_EMIT_LOC_STRINGS = YES;
				SWIFT_OBJC_BRIDGING_HEADER = Shared/Rendering/Metal.h;
				SWIFT_VERSION = 5.0;
			};
			name = Debug;
		};
		2BF305EE2672E5AC00BB9982 /* Release */ = {
			isa = XCBuildConfiguration;
			buildSettings = {
				ASSETCATALOG_COMPILER_APPICON_NAME = AppIcon;
				ASSETCATALOG_COMPILER_GLOBAL_ACCENT_COLOR_NAME = AccentColor;
				CODE_SIGN_STYLE = Automatic;
				COMBINE_HIDPI_IMAGES = YES;
				CURRENT_PROJECT_VERSION = 1;
				DEVELOPMENT_TEAM = G6R6L3VH62;
				ENABLE_APP_SANDBOX = YES;
				ENABLE_HARDENED_RUNTIME = YES;
				ENABLE_PREVIEWS = YES;
				ENABLE_USER_SELECTED_FILES = readonly;
				GENERATE_INFOPLIST_FILE = YES;
				INFOPLIST_KEY_NSHumanReadableCopyright = "";
				LD_RUNPATH_SEARCH_PATHS = (
					"$(inherited)",
					"@executable_path/../Frameworks",
				);
				MACOSX_DEPLOYMENT_TARGET = 12.0;
				MARKETING_VERSION = 1.0;
				PRODUCT_BUNDLE_IDENTIFIER = com.moenig.Cellua;
				PRODUCT_NAME = Cellua;
				SDKROOT = macosx;
				SWIFT_EMIT_LOC_STRINGS = YES;
				SWIFT_OBJC_BRIDGING_HEADER = Shared/Rendering/Metal.h;
				SWIFT_VERSION = 5.0;
			};
			name = Release;
		};
		2BF305F02672E5AC00BB9982 /* Debug */ = {
			isa = XCBuildConfiguration;
			buildSettings = {
				ALWAYS_EMBED_SWIFT_STANDARD_LIBRARIES = YES;
				CODE_SIGN_STYLE = Automatic;
				CURRENT_PROJECT_VERSION = 1;
				DEVELOPMENT_TEAM = G6R6L3VH62;
				GENERATE_INFOPLIST_FILE = YES;
				IPHONEOS_DEPLOYMENT_TARGET = 15.0;
				LD_RUNPATH_SEARCH_PATHS = (
					"$(inherited)",
					"@executable_path/Frameworks",
					"@loader_path/Frameworks",
				);
				MARKETING_VERSION = 1.0;
				PRODUCT_BUNDLE_IDENTIFIER = "com.moenig.Tests-iOS";
				PRODUCT_NAME = "$(TARGET_NAME)";
				SDKROOT = iphoneos;
				SWIFT_EMIT_LOC_STRINGS = NO;
				SWIFT_VERSION = 5.0;
				TARGETED_DEVICE_FAMILY = "1,2";
				TEST_TARGET_NAME = "Cellua (iOS)";
			};
			name = Debug;
		};
		2BF305F12672E5AC00BB9982 /* Release */ = {
			isa = XCBuildConfiguration;
			buildSettings = {
				ALWAYS_EMBED_SWIFT_STANDARD_LIBRARIES = YES;
				CODE_SIGN_STYLE = Automatic;
				CURRENT_PROJECT_VERSION = 1;
				DEVELOPMENT_TEAM = G6R6L3VH62;
				GENERATE_INFOPLIST_FILE = YES;
				IPHONEOS_DEPLOYMENT_TARGET = 15.0;
				LD_RUNPATH_SEARCH_PATHS = (
					"$(inherited)",
					"@executable_path/Frameworks",
					"@loader_path/Frameworks",
				);
				MARKETING_VERSION = 1.0;
				PRODUCT_BUNDLE_IDENTIFIER = "com.moenig.Tests-iOS";
				PRODUCT_NAME = "$(TARGET_NAME)";
				SDKROOT = iphoneos;
				SWIFT_EMIT_LOC_STRINGS = NO;
				SWIFT_VERSION = 5.0;
				TARGETED_DEVICE_FAMILY = "1,2";
				TEST_TARGET_NAME = "Cellua (iOS)";
				VALIDATE_PRODUCT = YES;
			};
			name = Release;
		};
		2BF305F32672E5AC00BB9982 /* Debug */ = {
			isa = XCBuildConfiguration;
			buildSettings = {
				ALWAYS_EMBED_SWIFT_STANDARD_LIBRARIES = YES;
				CODE_SIGN_STYLE = Automatic;
				COMBINE_HIDPI_IMAGES = YES;
				CURRENT_PROJECT_VERSION = 1;
				DEVELOPMENT_TEAM = G6R6L3VH62;
				GENERATE_INFOPLIST_FILE = YES;
				LD_RUNPATH_SEARCH_PATHS = (
					"$(inherited)",
					"@executable_path/../Frameworks",
					"@loader_path/../Frameworks",
				);
				MACOSX_DEPLOYMENT_TARGET = 11.4;
				MARKETING_VERSION = 1.0;
				PRODUCT_BUNDLE_IDENTIFIER = "com.moenig.Tests-macOS";
				PRODUCT_NAME = "$(TARGET_NAME)";
				SDKROOT = macosx;
				SWIFT_EMIT_LOC_STRINGS = NO;
				SWIFT_VERSION = 5.0;
				TEST_TARGET_NAME = "Cellua (macOS)";
			};
			name = Debug;
		};
		2BF305F42672E5AC00BB9982 /* Release */ = {
			isa = XCBuildConfiguration;
			buildSettings = {
				ALWAYS_EMBED_SWIFT_STANDARD_LIBRARIES = YES;
				CODE_SIGN_STYLE = Automatic;
				COMBINE_HIDPI_IMAGES = YES;
				CURRENT_PROJECT_VERSION = 1;
				DEVELOPMENT_TEAM = G6R6L3VH62;
				GENERATE_INFOPLIST_FILE = YES;
				LD_RUNPATH_SEARCH_PATHS = (
					"$(inherited)",
					"@executable_path/../Frameworks",
					"@loader_path/../Frameworks",
				);
				MACOSX_DEPLOYMENT_TARGET = 11.4;
				MARKETING_VERSION = 1.0;
				PRODUCT_BUNDLE_IDENTIFIER = "com.moenig.Tests-macOS";
				PRODUCT_NAME = "$(TARGET_NAME)";
				SDKROOT = macosx;
				SWIFT_EMIT_LOC_STRINGS = NO;
				SWIFT_VERSION = 5.0;
				TEST_TARGET_NAME = "Cellua (macOS)";
			};
			name = Release;
		};
/* End XCBuildConfiguration section */

/* Begin XCConfigurationList section */
		2BF305BD2672E5AA00BB9982 /* Build configuration list for PBXProject "Cellua" */ = {
			isa = XCConfigurationList;
			buildConfigurations = (
				2BF305E72672E5AC00BB9982 /* Debug */,
				2BF305E82672E5AC00BB9982 /* Release */,
			);
			defaultConfigurationIsVisible = 0;
			defaultConfigurationName = Release;
		};
		2BF305E92672E5AC00BB9982 /* Build configuration list for PBXNativeTarget "Cellua (iOS)" */ = {
			isa = XCConfigurationList;
			buildConfigurations = (
				2BF305EA2672E5AC00BB9982 /* Debug */,
				2BF305EB2672E5AC00BB9982 /* Release */,
			);
			defaultConfigurationIsVisible = 0;
			defaultConfigurationName = Release;
		};
		2BF305EC2672E5AC00BB9982 /* Build configuration list for PBXNativeTarget "Cellua (macOS)" */ = {
			isa = XCConfigurationList;
			buildConfigurations = (
				2BF305ED2672E5AC00BB9982 /* Debug */,
				2BF305EE2672E5AC00BB9982 /* Release */,
			);
			defaultConfigurationIsVisible = 0;
			defaultConfigurationName = Release;
		};
		2BF305EF2672E5AC00BB9982 /* Build configuration list for PBXNativeTarget "Tests iOS" */ = {
			isa = XCConfigurationList;
			buildConfigurations = (
				2BF305F02672E5AC00BB9982 /* Debug */,
				2BF305F12672E5AC00BB9982 /* Release */,
			);
			defaultConfigurationIsVisible = 0;
			defaultConfigurationName = Release;
		};
		2BF305F22672E5AC00BB9982 /* Build configuration list for PBXNativeTarget "Tests macOS" */ = {
			isa = XCConfigurationList;
			buildConfigurations = (
				2BF305F32672E5AC00BB9982 /* Debug */,
				2BF305F42672E5AC00BB9982 /* Release */,
			);
			defaultConfigurationIsVisible = 0;
			defaultConfigurationName = Release;
		};
/* End XCConfigurationList section */
	};
	rootObject = 2BF305BA2672E5AA00BB9982 /* Project object */;
}
